
Microsoft Visual Studio Solution File, Format Version 12.00
# Visual Studio Version 16
VisualStudioVersion = 16.0.30907.101
MinimumVisualStudioVersion = 10.0.40219.1
Project("{FAE04EC0-301F-11D3-BF4B-00C04F79EFBC}") = "CSharp-FrameExtractor", "CSharp-FrameExtractor.csproj", "{E7900C38-1D31-4D28-AE70-952FEBFA1FF2}"
EndProject
Project("{FAE04EC0-301F-11D3-BF4B-00C04F79EFBC}") = "ImageExtractionProcess", "ImageExtractionProcess\ImageExtractionProcess.csproj", "{4F701FBB-1781-4B51-ABD0-EEE9352F40BF}"
EndProject
Project("{FAE04EC0-301F-11D3-BF4B-00C04F79EFBC}") = "TestingProject", "TestingProject\TestingProject.csproj", "{DEC6A91C-7648-4B41-8CD3-FB2B643E161A}"
EndProject
Global
	GlobalSection(SolutionConfigurationPlatforms) = preSolution
		Debug|Any CPU = Debug|Any CPU
		Release|Any CPU = Release|Any CPU
	EndGlobalSection
	GlobalSection(ProjectConfigurationPlatforms) = postSolution
		{E7900C38-1D31-4D28-AE70-952FEBFA1FF2}.Debug|Any CPU.ActiveCfg = Debug|Any CPU
		{E7900C38-1D31-4D28-AE70-952FEBFA1FF2}.Debug|Any CPU.Build.0 = Debug|Any CPU
		{E7900C38-1D31-4D28-AE70-952FEBFA1FF2}.Release|Any CPU.ActiveCfg = Release|Any CPU
		{E7900C38-1D31-4D28-AE70-952FEBFA1FF2}.Release|Any CPU.Build.0 = Release|Any CPU
		{4F701FBB-1781-4B51-ABD0-EEE9352F40BF}.Debug|Any CPU.ActiveCfg = Debug|Any CPU
		{4F701FBB-1781-4B51-ABD0-EEE9352F40BF}.Debug|Any CPU.Build.0 = Debug|Any CPU
		{4F701FBB-1781-4B51-ABD0-EEE9352F40BF}.Release|Any CPU.ActiveCfg = Release|Any CPU
		{4F701FBB-1781-4B51-ABD0-EEE9352F40BF}.Release|Any CPU.Build.0 = Release|Any CPU
		{DEC6A91C-7648-4B41-8CD3-FB2B643E161A}.Debug|Any CPU.ActiveCfg = Debug|Any CPU
		{DEC6A91C-7648-4B41-8CD3-FB2B643E161A}.Debug|Any CPU.Build.0 = Debug|Any CPU
		{DEC6A91C-7648-4B41-8CD3-FB2B643E161A}.Release|Any CPU.ActiveCfg = Release|Any CPU
		{DEC6A91C-7648-4B41-8CD3-FB2B643E161A}.Release|Any CPU.Build.0 = Release|Any CPU
	EndGlobalSection
	GlobalSection(SolutionProperties) = preSolution
		HideSolutionNode = FALSE
	EndGlobalSection
	GlobalSection(ExtensibilityGlobals) = postSolution
		SolutionGuid = {59810EED-006D-46EE-BC97-64E2C1C33749}
	EndGlobalSection
EndGlobal
